
Microsoft Visual Studio Solution File, Format Version 12.00
# Visual Studio Version 17
VisualStudioVersion = 17.11.35312.102
MinimumVisualStudioVersion = 10.0.40219.1
Project("{9A19103F-16F7-4668-BE54-9A1E7A4F7556}") = "ExirProject", "ExirProject\ExirProject.csproj", "{DAEA3F20-FA45-486B-961F-5A6AEB90807F}"
EndProject
Global
	GlobalSection(SolutionConfigurationPlatforms) = preSolution
		Debug|Any CPU = Debug|Any CPU
		Release|Any CPU = Release|Any CPU
	EndGlobalSection
	GlobalSection(ProjectConfigurationPlatforms) = postSolution
		{DAEA3F20-FA45-486B-961F-5A6AEB90807F}.Debug|Any CPU.ActiveCfg = Debug|Any CPU
		{DAEA3F20-FA45-486B-961F-5A6AEB90807F}.Debug|Any CPU.Build.0 = Debug|Any CPU
		{DAEA3F20-FA45-486B-961F-5A6AEB90807F}.Release|Any CPU.ActiveCfg = Release|Any CPU
		{DAEA3F20-FA45-486B-961F-5A6AEB90807F}.Release|Any CPU.Build.0 = Release|Any CPU
	EndGlobalSection
	GlobalSection(SolutionProperties) = preSolution
		HideSolutionNode = FALSE
	EndGlobalSection
	GlobalSection(ExtensibilityGlobals) = postSolution
		SolutionGuid = {00A0AB96-D871-4BB3-AF74-35D80D88B193}
	EndGlobalSection
EndGlobal
